
Microsoft Visual Studio Solution File, Format Version 12.00
# Visual Studio Version 17
VisualStudioVersion = 17.7.34009.444
MinimumVisualStudioVersion = 10.0.40219.1
Project("{FAE04EC0-301F-11D3-BF4B-00C04F79EFBC}") = "CRUDWithAdoNet", "CRUDWithAdoNet\CRUDWithAdoNet.csproj", "{1C78854B-6EAF-4386-906B-D73F08E15E39}"
EndProject
Global
	GlobalSection(SolutionConfigurationPlatforms) = preSolution
		Debug|Any CPU = Debug|Any CPU
		Release|Any CPU = Release|Any CPU
	EndGlobalSection
	GlobalSection(ProjectConfigurationPlatforms) = postSolution
		{1C78854B-6EAF-4386-906B-D73F08E15E39}.Debug|Any CPU.ActiveCfg = Debug|Any CPU
		{1C78854B-6EAF-4386-906B-D73F08E15E39}.Debug|Any CPU.Build.0 = Debug|Any CPU
		{1C78854B-6EAF-4386-906B-D73F08E15E39}.Release|Any CPU.ActiveCfg = Release|Any CPU
		{1C78854B-6EAF-4386-906B-D73F08E15E39}.Release|Any CPU.Build.0 = Release|Any CPU
	EndGlobalSection
	GlobalSection(SolutionProperties) = preSolution
		HideSolutionNode = FALSE
	EndGlobalSection
	GlobalSection(ExtensibilityGlobals) = postSolution
		SolutionGuid = {FECC3659-D18E-4E05-B3FF-677610DA9145}
	EndGlobalSection
EndGlobal
